// !$*UTF8*$!
{
	archiveVersion = 1;
	classes = {
	};
	objectVersion = 56;
	objects = {

/* Begin PBXBuildFile section */
		A1000001 /* RichMessageText.swift in Sources */ = {isa = PBXBuildFile; fileRef = A1000002 /* RichMessageText.swift */; };
		A1000003 /* MarkdownUI in Frameworks */ = {isa = PBXBuildFile; productRef = A1000005 /* MarkdownUI */; };
		2174B7FC2EE2C3471527756A /* OnboardingView.swift in Sources */ = {isa = PBXBuildFile; fileRef = 4E23D9EC68D2134067159DFB /* OnboardingView.swift */; };
		38135214F3C193EF4A21DDEE /* LaunchScreen.storyboard in Resources */ = {isa = PBXBuildFile; fileRef = 53CB1EB0E92750BF686F214C /* LaunchScreen.storyboard */; };
		8804C30D1CAED09270D51D6D /* LLMService.swift in Sources */ = {isa = PBXBuildFile; fileRef = 70EEE36ABE229B869B690BFB /* LLMService.swift */; };
		8AA2B0C32D410A8900E8C001 /* AppDiagnostics.swift in Sources */ = {isa = PBXBuildFile; fileRef = 8AA2B0C22D410A8900E8C001 /* AppDiagnostics.swift */; };
		8ED5E2862DF091C3920ED85D /* ExyteChat in Frameworks */ = {isa = PBXBuildFile; productRef = 9D280E543558115939ECD091 /* ExyteChat */; };
		B10000001 /* Yemma4App.swift in Sources */ = {isa = PBXBuildFile; fileRef = B10000002 /* Yemma4App.swift */; };
		B10000003 /* ContentView.swift in Sources */ = {isa = PBXBuildFile; fileRef = B10000004 /* ContentView.swift */; };
		B10000005 /* Assets.xcassets in Resources */ = {isa = PBXBuildFile; fileRef = B10000006 /* Assets.xcassets */; };
		B10000016 /* Appearance.swift in Sources */ = {isa = PBXBuildFile; fileRef = B10000017 /* Appearance.swift */; };
		A2000001 /* AdvancedSettingsView.swift in Sources */ = {isa = PBXBuildFile; fileRef = A2000002 /* AdvancedSettingsView.swift */; };
		B3034772627DBF9FD8624142 /* SettingsView.swift in Sources */ = {isa = PBXBuildFile; fileRef = 92A43CA0C38A9D38EFA94487 /* SettingsView.swift */; };
		C18F96B6430B9FFB84F7095B /* ChatMessage.swift in Sources */ = {isa = PBXBuildFile; fileRef = 9F1B5296369F631217B7F995 /* ChatMessage.swift */; };
		DF571A73493F2913161C6971 /* ChatView.swift in Sources */ = {isa = PBXBuildFile; fileRef = FE484C3E95FF6F044B7B7BC4 /* ChatView.swift */; };
		F6A19338069476EC14B97082 /* ModelDownloader.swift in Sources */ = {isa = PBXBuildFile; fileRef = 11FB93FF040AF083B453837C /* ModelDownloader.swift */; };
		D3000005 /* StreamingRenderer.swift in Sources */ = {isa = PBXBuildFile; fileRef = D3000006 /* StreamingRenderer.swift */; };
		D3000007 /* ConversationBrowserSheet.swift in Sources */ = {isa = PBXBuildFile; fileRef = D3000008 /* ConversationBrowserSheet.swift */; };
		D3000009 /* EmptyStateView.swift in Sources */ = {isa = PBXBuildFile; fileRef = D300000A /* EmptyStateView.swift */; };
		CB7B05E97139FE38BFE49578 /* ConversationStore.swift in Sources */ = {isa = PBXBuildFile; fileRef = 60BF02FF587F6CBD41EDD4C6 /* ConversationStore.swift */; };
		E1000001 /* MLXLMCommon in Frameworks */ = {isa = PBXBuildFile; productRef = E1000101 /* MLXLMCommon */; };
		E1000002 /* MLXVLM in Frameworks */ = {isa = PBXBuildFile; productRef = E1000102 /* MLXVLM */; };
		E1000003 /* MLX in Frameworks */ = {isa = PBXBuildFile; productRef = E1000103 /* MLX */; };
		E1000004 /* Hub in Frameworks */ = {isa = PBXBuildFile; productRef = E1000104 /* Hub */; };
		E1000005 /* Tokenizers in Frameworks */ = {isa = PBXBuildFile; productRef = E1000105 /* Tokenizers */; };
		E1000006 /* MLXModelSupport.swift in Sources */ = {isa = PBXBuildFile; fileRef = E1000007 /* MLXModelSupport.swift */; };
		E1000010 /* YemmaPromptPlanner.swift in Sources */ = {isa = PBXBuildFile; fileRef = E1000011 /* YemmaPromptPlanner.swift */; };
		E1000012 /* Gemma4SmokeAutomation.swift in Sources */ = {isa = PBXBuildFile; fileRef = E1000013 /* Gemma4SmokeAutomation.swift */; };
		F1000001 /* BackgroundModelDownloadCoordinator.swift in Sources */ = {isa = PBXBuildFile; fileRef = F1000002 /* BackgroundModelDownloadCoordinator.swift */; };
		F1000003 /* Yemma4AppDelegate.swift in Sources */ = {isa = PBXBuildFile; fileRef = F1000004 /* Yemma4AppDelegate.swift */; };

/* End PBXBuildFile section */

/* Begin PBXFileReference section */
		11FB93FF040AF083B453837C /* ModelDownloader.swift */ = {isa = PBXFileReference; includeInIndex = 1; lastKnownFileType = sourcecode.swift; path = ModelDownloader.swift; sourceTree = "<group>"; };
		39C187E5F33C4B9C302E7029 /* Yemma4.entitlements */ = {isa = PBXFileReference; includeInIndex = 1; lastKnownFileType = text.plist.entitlements; path = Yemma4.entitlements; sourceTree = "<group>"; };
		4E23D9EC68D2134067159DFB /* OnboardingView.swift */ = {isa = PBXFileReference; includeInIndex = 1; lastKnownFileType = sourcecode.swift; path = OnboardingView.swift; sourceTree = "<group>"; };
		53CB1EB0E92750BF686F214C /* LaunchScreen.storyboard */ = {isa = PBXFileReference; includeInIndex = 1; lastKnownFileType = file.storyboard; path = LaunchScreen.storyboard; sourceTree = "<group>"; };
		70EEE36ABE229B869B690BFB /* LLMService.swift */ = {isa = PBXFileReference; includeInIndex = 1; lastKnownFileType = sourcecode.swift; path = LLMService.swift; sourceTree = "<group>"; };
		8AA2B0C22D410A8900E8C001 /* AppDiagnostics.swift */ = {isa = PBXFileReference; includeInIndex = 1; lastKnownFileType = sourcecode.swift; path = AppDiagnostics.swift; sourceTree = "<group>"; };
		92A43CA0C38A9D38EFA94487 /* SettingsView.swift */ = {isa = PBXFileReference; includeInIndex = 1; lastKnownFileType = sourcecode.swift; path = SettingsView.swift; sourceTree = "<group>"; };
		9F1B5296369F631217B7F995 /* ChatMessage.swift */ = {isa = PBXFileReference; includeInIndex = 1; lastKnownFileType = sourcecode.swift; path = ChatMessage.swift; sourceTree = "<group>"; };
		A1000002 /* RichMessageText.swift */ = {isa = PBXFileReference; includeInIndex = 1; lastKnownFileType = sourcecode.swift; path = RichMessageText.swift; sourceTree = "<group>"; };
		A2000002 /* AdvancedSettingsView.swift */ = {isa = PBXFileReference; includeInIndex = 1; lastKnownFileType = sourcecode.swift; path = AdvancedSettingsView.swift; sourceTree = "<group>"; };
		B10000002 /* Yemma4App.swift */ = {isa = PBXFileReference; lastKnownFileType = sourcecode.swift; path = Yemma4App.swift; sourceTree = "<group>"; };
		B10000004 /* ContentView.swift */ = {isa = PBXFileReference; lastKnownFileType = sourcecode.swift; path = ContentView.swift; sourceTree = "<group>"; };
		B10000006 /* Assets.xcassets */ = {isa = PBXFileReference; lastKnownFileType = folder.assetcatalog; path = Assets.xcassets; sourceTree = "<group>"; };
		B10000007 /* Yemma4.app */ = {isa = PBXFileReference; explicitFileType = wrapper.application; includeInIndex = 0; path = Yemma4.app; sourceTree = BUILT_PRODUCTS_DIR; };
		B10000017 /* Appearance.swift */ = {isa = PBXFileReference; includeInIndex = 1; lastKnownFileType = sourcecode.swift; path = Appearance.swift; sourceTree = "<group>"; };
		FE484C3E95FF6F044B7B7BC4 /* ChatView.swift */ = {isa = PBXFileReference; includeInIndex = 1; lastKnownFileType = sourcecode.swift; path = ChatView.swift; sourceTree = "<group>"; };
		D3000006 /* StreamingRenderer.swift */ = {isa = PBXFileReference; includeInIndex = 1; lastKnownFileType = sourcecode.swift; path = StreamingRenderer.swift; sourceTree = "<group>"; };
		D3000008 /* ConversationBrowserSheet.swift */ = {isa = PBXFileReference; includeInIndex = 1; lastKnownFileType = sourcecode.swift; path = ConversationBrowserSheet.swift; sourceTree = "<group>"; };
		D300000A /* EmptyStateView.swift */ = {isa = PBXFileReference; includeInIndex = 1; lastKnownFileType = sourcecode.swift; path = EmptyStateView.swift; sourceTree = "<group>"; };
		60BF02FF587F6CBD41EDD4C6 /* ConversationStore.swift */ = {isa = PBXFileReference; includeInIndex = 1; lastKnownFileType = sourcecode.swift; path = ConversationStore.swift; sourceTree = "<group>"; };
		E1000007 /* MLXModelSupport.swift */ = {isa = PBXFileReference; includeInIndex = 1; lastKnownFileType = sourcecode.swift; path = MLXModelSupport.swift; sourceTree = "<group>"; };
		E1000011 /* YemmaPromptPlanner.swift */ = {isa = PBXFileReference; includeInIndex = 1; lastKnownFileType = sourcecode.swift; path = YemmaPromptPlanner.swift; sourceTree = "<group>"; };
		E1000013 /* Gemma4SmokeAutomation.swift */ = {isa = PBXFileReference; includeInIndex = 1; lastKnownFileType = sourcecode.swift; path = Gemma4SmokeAutomation.swift; sourceTree = "<group>"; };
		F1000002 /* BackgroundModelDownloadCoordinator.swift */ = {isa = PBXFileReference; includeInIndex = 1; lastKnownFileType = sourcecode.swift; path = BackgroundModelDownloadCoordinator.swift; sourceTree = "<group>"; };
		F1000004 /* Yemma4AppDelegate.swift */ = {isa = PBXFileReference; includeInIndex = 1; lastKnownFileType = sourcecode.swift; path = Yemma4AppDelegate.swift; sourceTree = "<group>"; };

/* End PBXFileReference section */

/* Begin PBXFrameworksBuildPhase section */
		B10000008 /* Frameworks */ = {
			isa = PBXFrameworksBuildPhase;
			buildActionMask = 2147483647;
			files = (
				E1000005 /* Tokenizers in Frameworks */,
				E1000004 /* Hub in Frameworks */,
				E1000003 /* MLX in Frameworks */,
				E1000002 /* MLXVLM in Frameworks */,
				E1000001 /* MLXLMCommon in Frameworks */,
				A1000003 /* MarkdownUI in Frameworks */,
				8ED5E2862DF091C3920ED85D /* ExyteChat in Frameworks */,
			);
			runOnlyForDeploymentPostprocessing = 0;
		};
/* End PBXFrameworksBuildPhase section */

/* Begin PBXGroup section */
		54934DF62416A306B1C5304E /* Views */ = {
			isa = PBXGroup;
			children = (
				A2000002 /* AdvancedSettingsView.swift */,
				FE484C3E95FF6F044B7B7BC4 /* ChatView.swift */,
				D3000008 /* ConversationBrowserSheet.swift */,
				D300000A /* EmptyStateView.swift */,
				A1000002 /* RichMessageText.swift */,
				4E23D9EC68D2134067159DFB /* OnboardingView.swift */,
				92A43CA0C38A9D38EFA94487 /* SettingsView.swift */,
			);
			path = Views;
			sourceTree = "<group>";
		};
		5B7C0764582A88CC0118AAB9 /* Models */ = {
			isa = PBXGroup;
			children = (
				9F1B5296369F631217B7F995 /* ChatMessage.swift */,
			);
			path = Models;
			sourceTree = "<group>";
		};
		B10000009 /* Products */ = {
			isa = PBXGroup;
			children = (
				B10000007 /* Yemma4.app */,
			);
			name = Products;
			sourceTree = "<group>";
		};
		B1000000A /* Yemma4 */ = {
			isa = PBXGroup;
			children = (
				B10000017 /* Appearance.swift */,
				B10000002 /* Yemma4App.swift */,
				F1000004 /* Yemma4AppDelegate.swift */,
				B10000004 /* ContentView.swift */,
				B10000006 /* Assets.xcassets */,
				5B7C0764582A88CC0118AAB9 /* Models */,
				CE67C04D23A2513EC55AA96D /* Services */,
				54934DF62416A306B1C5304E /* Views */,
				53CB1EB0E92750BF686F214C /* LaunchScreen.storyboard */,
				39C187E5F33C4B9C302E7029 /* Yemma4.entitlements */,
			);
			path = Yemma4;
			sourceTree = "<group>";
		};
		B1000000B = {
			isa = PBXGroup;
			children = (
				B1000000A /* Yemma4 */,
				B10000009 /* Products */,
			);
			sourceTree = "<group>";
		};
		CE67C04D23A2513EC55AA96D /* Services */ = {
			isa = PBXGroup;
			children = (
				8AA2B0C22D410A8900E8C001 /* AppDiagnostics.swift */,
				F1000002 /* BackgroundModelDownloadCoordinator.swift */,
				E1000013 /* Gemma4SmokeAutomation.swift */,
				70EEE36ABE229B869B690BFB /* LLMService.swift */,
				E1000007 /* MLXModelSupport.swift */,
				11FB93FF040AF083B453837C /* ModelDownloader.swift */,
				D3000006 /* StreamingRenderer.swift */,
				60BF02FF587F6CBD41EDD4C6 /* ConversationStore.swift */,
				E1000011 /* YemmaPromptPlanner.swift */,
			);
			path = Services;
			sourceTree = "<group>";
		};

/* End PBXGroup section */

/* Begin PBXNativeTarget section */
		B1000000C /* Yemma4 */ = {
			isa = PBXNativeTarget;
			buildConfigurationList = B1000000D /* Build configuration list for PBXNativeTarget "Yemma4" */;
			buildPhases = (
				B1000000E /* Sources */,
				B10000008 /* Frameworks */,
				B1000000F /* Resources */,
			);
			buildRules = (
			);
			dependencies = (
			);
			name = Yemma4;
			packageProductDependencies = (
				9D280E543558115939ECD091 /* ExyteChat */,
				A1000005 /* MarkdownUI */,
				E1000103 /* MLX */,
				E1000101 /* MLXLMCommon */,
				E1000102 /* MLXVLM */,
				E1000104 /* Hub */,
				E1000105 /* Tokenizers */,
			);
			productName = Yemma4;
			productReference = B10000007 /* Yemma4.app */;
			productType = "com.apple.product-type.application";
		};
/* End PBXNativeTarget section */

/* Begin PBXProject section */
		B10000010 /* Project object */ = {
			isa = PBXProject;
			attributes = {
				BuildIndependentTargetsInParallel = 1;
				LastSwiftUpdateCheck = 1620;
				LastUpgradeCheck = 2640;
				TargetAttributes = {
					B1000000C = {
						CreatedOnToolsVersion = 16.2;
					};
				};
			};
			buildConfigurationList = B10000011 /* Build configuration list for PBXProject "Yemma4" */;
			compatibilityVersion = "Xcode 14.0";
			developmentRegion = en;
			hasScannedForEncodings = 0;
			knownRegions = (
				en,
				Base,
			);
			mainGroup = B1000000B;
			packageReferences = (
				759333B69AA7F2876F0CFA95 /* XCRemoteSwiftPackageReference "Chat" */,
				A1000004 /* XCRemoteSwiftPackageReference "swift-markdown-ui" */,
				E1000201 /* XCLocalSwiftPackageReference "../mlx-vlm-swift/mlx-swift-lm" */,
				E1000202 /* XCRemoteSwiftPackageReference "mlx-swift" */,
				E1000203 /* XCRemoteSwiftPackageReference "swift-transformers" */,
			);
			productRefGroup = B10000009 /* Products */;
			projectDirPath = "";
			projectRoot = "";
			targets = (
				B1000000C /* Yemma4 */,
			);
		};
/* End PBXProject section */

/* Begin PBXResourcesBuildPhase section */
		B1000000F /* Resources */ = {
			isa = PBXResourcesBuildPhase;
			buildActionMask = 2147483647;
			files = (
				B10000005 /* Assets.xcassets in Resources */,
				38135214F3C193EF4A21DDEE /* LaunchScreen.storyboard in Resources */,
			);
			runOnlyForDeploymentPostprocessing = 0;
		};
/* End PBXResourcesBuildPhase section */

/* Begin PBXSourcesBuildPhase section */
		B1000000E /* Sources */ = {
			isa = PBXSourcesBuildPhase;
			buildActionMask = 2147483647;
			files = (
				B10000016 /* Appearance.swift in Sources */,
				B10000001 /* Yemma4App.swift in Sources */,
				F1000003 /* Yemma4AppDelegate.swift in Sources */,
				B10000003 /* ContentView.swift in Sources */,
				C18F96B6430B9FFB84F7095B /* ChatMessage.swift in Sources */,
				8AA2B0C32D410A8900E8C001 /* AppDiagnostics.swift in Sources */,
				F1000001 /* BackgroundModelDownloadCoordinator.swift in Sources */,
				E1000012 /* Gemma4SmokeAutomation.swift in Sources */,
				E1000006 /* MLXModelSupport.swift in Sources */,
				8804C30D1CAED09270D51D6D /* LLMService.swift in Sources */,
				F6A19338069476EC14B97082 /* ModelDownloader.swift in Sources */,
				DF571A73493F2913161C6971 /* ChatView.swift in Sources */,
				A1000001 /* RichMessageText.swift in Sources */,
				2174B7FC2EE2C3471527756A /* OnboardingView.swift in Sources */,
				A2000001 /* AdvancedSettingsView.swift in Sources */,
				B3034772627DBF9FD8624142 /* SettingsView.swift in Sources */,
				D3000005 /* StreamingRenderer.swift in Sources */,
				CB7B05E97139FE38BFE49578 /* ConversationStore.swift in Sources */,
				E1000010 /* YemmaPromptPlanner.swift in Sources */,
				D3000007 /* ConversationBrowserSheet.swift in Sources */,
				D3000009 /* EmptyStateView.swift in Sources */,
			);
			runOnlyForDeploymentPostprocessing = 0;
		};
/* End PBXSourcesBuildPhase section */

/* Begin XCBuildConfiguration section */
		B10000012 /* Debug */ = {
			isa = XCBuildConfiguration;
			buildSettings = {
				ALWAYS_SEARCH_USER_PATHS = NO;
				ASSETCATALOG_COMPILER_GENERATE_SWIFT_ASSET_SYMBOL_EXTENSIONS = YES;
				CLANG_ANALYZER_NONNULL = YES;
				CLANG_ANALYZER_NUMBER_OBJECT_CONVERSION = YES_AGGRESSIVE;
				CLANG_CXX_LANGUAGE_STANDARD = "gnu++20";
				CLANG_ENABLE_MODULES = YES;
				CLANG_ENABLE_OBJC_ARC = YES;
				CLANG_ENABLE_OBJC_WEAK = YES;
				CLANG_WARN_BLOCK_CAPTURE_AUTORELEASING = YES;
				CLANG_WARN_BOOL_CONVERSION = YES;
				CLANG_WARN_COMMA = YES;
				CLANG_WARN_CONSTANT_CONVERSION = YES;
				CLANG_WARN_DEPRECATED_OBJC_IMPLEMENTATIONS = YES;
				CLANG_WARN_DIRECT_OBJC_ISA_USAGE = YES_ERROR;
				CLANG_WARN_DOCUMENTATION_COMMENTS = YES;
				CLANG_WARN_EMPTY_BODY = YES;
				CLANG_WARN_ENUM_CONVERSION = YES;
				CLANG_WARN_INFINITE_RECURSION = YES;
				CLANG_WARN_INT_CONVERSION = YES;
				CLANG_WARN_NON_LITERAL_NULL_CONVERSION = YES;
				CLANG_WARN_OBJC_IMPLICIT_RETAIN_SELF = YES;
				CLANG_WARN_OBJC_LITERAL_CONVERSION = YES;
				CLANG_WARN_OBJC_ROOT_CLASS = YES_ERROR;
				CLANG_WARN_QUOTED_INCLUDE_IN_FRAMEWORK_HEADER = YES;
				CLANG_WARN_RANGE_LOOP_ANALYSIS = YES;
				CLANG_WARN_STRICT_PROTOTYPES = YES;
				CLANG_WARN_SUSPICIOUS_MOVE = YES;
				CLANG_WARN_UNINITIALIZED = YES;
				CLANG_WARN_UNREACHABLE_CODE = YES;
				CLANG_WARN__DUPLICATE_METHOD_MATCH = YES;
				COPY_PHASE_STRIP = NO;
				DEBUG_INFORMATION_FORMAT = dwarf;
				DEVELOPMENT_TEAM = H8PYU9TN9X;
				"ENABLE_CODE_COVERAGE[sdk=iphoneos*]" = NO;
				ENABLE_STRICT_OBJC_MSGSEND = YES;
				ENABLE_TESTABILITY = YES;
				"ENABLE_TESTABILITY[sdk=iphoneos*]" = NO;
				ENABLE_USER_SCRIPT_SANDBOXING = YES;
				GCC_C_LANGUAGE_STANDARD = gnu17;
				GCC_DYNAMIC_NO_PIC = NO;
				GCC_NO_COMMON_BLOCKS = YES;
				GCC_OPTIMIZATION_LEVEL = 0;
				GCC_PREPROCESSOR_DEFINITIONS = (
					"DEBUG=1",
					"$(inherited)",
				);
				GCC_WARN_64_TO_32_BIT_CONVERSION = YES;
				GCC_WARN_ABOUT_RETURN_TYPE = YES_ERROR;
				GCC_WARN_UNDECLARED_SELECTOR = YES;
				GCC_WARN_UNINITIALIZED_AUTOS = YES_AGGRESSIVE;
				GCC_WARN_UNUSED_FUNCTION = YES;
				GCC_WARN_UNUSED_VARIABLE = YES;
				IPHONEOS_DEPLOYMENT_TARGET = 17.0;
				MTL_ENABLE_DEBUG_INFO = INCLUDE_SOURCE;
				MTL_FAST_MATH = YES;
				ONLY_ACTIVE_ARCH = YES;
				SDKROOT = iphoneos;
				STRING_CATALOG_GENERATE_SYMBOLS = YES;
				SWIFT_ACTIVE_COMPILATION_CONDITIONS = "DEBUG $(inherited)";
				SWIFT_OPTIMIZATION_LEVEL = "-Onone";
			};
			name = Debug;
		};
		B10000013 /* Release */ = {
			isa = XCBuildConfiguration;
			buildSettings = {
				ALWAYS_SEARCH_USER_PATHS = NO;
				ASSETCATALOG_COMPILER_GENERATE_SWIFT_ASSET_SYMBOL_EXTENSIONS = YES;
				CLANG_ANALYZER_NONNULL = YES;
				CLANG_ANALYZER_NUMBER_OBJECT_CONVERSION = YES_AGGRESSIVE;
				CLANG_CXX_LANGUAGE_STANDARD = "gnu++20";
				CLANG_ENABLE_MODULES = YES;
				CLANG_ENABLE_OBJC_ARC = YES;
				CLANG_ENABLE_OBJC_WEAK = YES;
				CLANG_WARN_BLOCK_CAPTURE_AUTORELEASING = YES;
				CLANG_WARN_BOOL_CONVERSION = YES;
				CLANG_WARN_COMMA = YES;
				CLANG_WARN_CONSTANT_CONVERSION = YES;
				CLANG_WARN_DEPRECATED_OBJC_IMPLEMENTATIONS = YES;
				CLANG_WARN_DIRECT_OBJC_ISA_USAGE = YES_ERROR;
				CLANG_WARN_DOCUMENTATION_COMMENTS = YES;
				CLANG_WARN_EMPTY_BODY = YES;
				CLANG_WARN_ENUM_CONVERSION = YES;
				CLANG_WARN_INFINITE_RECURSION = YES;
				CLANG_WARN_INT_CONVERSION = YES;
				CLANG_WARN_NON_LITERAL_NULL_CONVERSION = YES;
				CLANG_WARN_OBJC_IMPLICIT_RETAIN_SELF = YES;
				CLANG_WARN_OBJC_LITERAL_CONVERSION = YES;
				CLANG_WARN_OBJC_ROOT_CLASS = YES_ERROR;
				CLANG_WARN_QUOTED_INCLUDE_IN_FRAMEWORK_HEADER = YES;
				CLANG_WARN_RANGE_LOOP_ANALYSIS = YES;
				CLANG_WARN_STRICT_PROTOTYPES = YES;
				CLANG_WARN_SUSPICIOUS_MOVE = YES;
				CLANG_WARN_UNINITIALIZED = YES;
				CLANG_WARN_UNREACHABLE_CODE = YES;
				CLANG_WARN__DUPLICATE_METHOD_MATCH = YES;
				COPY_PHASE_STRIP = NO;
				DEBUG_INFORMATION_FORMAT = "dwarf-with-dsym";
				DEVELOPMENT_TEAM = H8PYU9TN9X;
				ENABLE_NS_ASSERTIONS = NO;
				ENABLE_STRICT_OBJC_MSGSEND = YES;
				ENABLE_USER_SCRIPT_SANDBOXING = YES;
				GCC_C_LANGUAGE_STANDARD = gnu17;
				GCC_NO_COMMON_BLOCKS = YES;
				GCC_WARN_64_TO_32_BIT_CONVERSION = YES;
				GCC_WARN_ABOUT_RETURN_TYPE = YES_ERROR;
				GCC_WARN_UNDECLARED_SELECTOR = YES;
				GCC_WARN_UNINITIALIZED_AUTOS = YES_AGGRESSIVE;
				GCC_WARN_UNUSED_FUNCTION = YES;
				GCC_WARN_UNUSED_VARIABLE = YES;
				IPHONEOS_DEPLOYMENT_TARGET = 17.0;
				MTL_FAST_MATH = YES;
				SDKROOT = iphoneos;
				STRING_CATALOG_GENERATE_SYMBOLS = YES;
				SWIFT_COMPILATION_MODE = wholemodule;
			};
			name = Release;
		};
		B10000014 /* Debug */ = {
			isa = XCBuildConfiguration;
			buildSettings = {
				ASSETCATALOG_COMPILER_APPICON_NAME = AppIcon;
				ASSETCATALOG_COMPILER_GLOBAL_ACCENT_COLOR_NAME = AccentColor;
				CODE_SIGN_ENTITLEMENTS = Yemma4/Yemma4.entitlements;
				CODE_SIGN_STYLE = Automatic;
				CURRENT_PROJECT_VERSION = 2026041301;
				DEVELOPMENT_ASSET_PATHS = "";
				DEVELOPMENT_TEAM = H8PYU9TN9X;
				"ENABLE_CODE_COVERAGE[sdk=iphoneos*]" = NO;
				"ENABLE_DEBUG_DYLIB[sdk=iphoneos*]" = NO;
				ENABLE_PREVIEWS = YES;
				"ENABLE_PREVIEWS[sdk=iphoneos*]" = NO;
				"ENABLE_TESTABILITY[sdk=iphoneos*]" = NO;
				GENERATE_INFOPLIST_FILE = YES;
				HEADER_SEARCH_PATHS = (
					"$(inherited)",
				);
				INFOPLIST_KEY_ITSAppUsesNonExemptEncryption = NO;
				INFOPLIST_KEY_NSCameraUsageDescription = "Yemma uses the camera so you can capture photos to include in conversations.";
				INFOPLIST_KEY_NSPhotoLibraryAddUsageDescription = "Yemma saves generated and selected images to your photo library when you ask it to.";
				INFOPLIST_KEY_NSPhotoLibraryUsageDescription = "Yemma uses your photo library so you can attach existing images to conversations.";
				INFOPLIST_KEY_UIApplicationSceneManifest_Generation = YES;
				INFOPLIST_KEY_UIApplicationSupportsIndirectInputEvents = YES;
				INFOPLIST_KEY_UILaunchScreen_Generation = NO;
				INFOPLIST_KEY_UILaunchStoryboardName = LaunchScreen;
				INFOPLIST_KEY_UISupportedInterfaceOrientations_iPad = "UIInterfaceOrientationPortrait UIInterfaceOrientationPortraitUpsideDown UIInterfaceOrientationLandscapeLeft UIInterfaceOrientationLandscapeRight";
				INFOPLIST_KEY_UISupportedInterfaceOrientations_iPhone = "UIInterfaceOrientationPortrait UIInterfaceOrientationLandscapeLeft UIInterfaceOrientationLandscapeRight";
				IPHONEOS_DEPLOYMENT_TARGET = 17.0;
				LD_RUNPATH_SEARCH_PATHS = (
					"$(inherited)",
					"@executable_path/Frameworks",
				);
				MARKETING_VERSION = 1.0;
				OTHER_LDFLAGS = (
					"$(inherited)",
					"-lc++",
					"-lresolv",
				);
				PRODUCT_BUNDLE_IDENTIFIER = com.avmillabs.yemma4;
				PRODUCT_NAME = "$(TARGET_NAME)";
				SWIFT_EMIT_LOC_STRINGS = YES;
				SWIFT_VERSION = 5.0;
				TARGETED_DEVICE_FAMILY = "1,2";
			};
			name = Debug;
		};
		B10000015 /* Release */ = {
			isa = XCBuildConfiguration;
			buildSettings = {
				ASSETCATALOG_COMPILER_APPICON_NAME = AppIcon;
				ASSETCATALOG_COMPILER_GLOBAL_ACCENT_COLOR_NAME = AccentColor;
				CODE_SIGN_ENTITLEMENTS = Yemma4/Yemma4.entitlements;
				CODE_SIGN_STYLE = Automatic;
				CURRENT_PROJECT_VERSION = 2026041301;
				DEVELOPMENT_ASSET_PATHS = "";
				DEVELOPMENT_TEAM = H8PYU9TN9X;
				ENABLE_PREVIEWS = YES;
				GENERATE_INFOPLIST_FILE = YES;
				HEADER_SEARCH_PATHS = (
					"$(inherited)",
				);
				INFOPLIST_KEY_ITSAppUsesNonExemptEncryption = NO;
				INFOPLIST_KEY_NSCameraUsageDescription = "Yemma uses the camera so you can capture photos to include in conversations.";
				INFOPLIST_KEY_NSPhotoLibraryAddUsageDescription = "Yemma saves generated and selected images to your photo library when you ask it to.";
				INFOPLIST_KEY_NSPhotoLibraryUsageDescription = "Yemma uses your photo library so you can attach existing images to conversations.";
				INFOPLIST_KEY_UIApplicationSceneManifest_Generation = YES;
				INFOPLIST_KEY_UIApplicationSupportsIndirectInputEvents = YES;
				INFOPLIST_KEY_UILaunchScreen_Generation = NO;
				INFOPLIST_KEY_UILaunchStoryboardName = LaunchScreen;
				INFOPLIST_KEY_UISupportedInterfaceOrientations_iPad = "UIInterfaceOrientationPortrait UIInterfaceOrientationPortraitUpsideDown UIInterfaceOrientationLandscapeLeft UIInterfaceOrientationLandscapeRight";
				INFOPLIST_KEY_UISupportedInterfaceOrientations_iPhone = "UIInterfaceOrientationPortrait UIInterfaceOrientationLandscapeLeft UIInterfaceOrientationLandscapeRight";
				IPHONEOS_DEPLOYMENT_TARGET = 17.0;
				LD_RUNPATH_SEARCH_PATHS = (
					"$(inherited)",
					"@executable_path/Frameworks",
				);
				MARKETING_VERSION = 1.0;
				OTHER_LDFLAGS = (
					"$(inherited)",
					"-lc++",
					"-lresolv",
				);
				PRODUCT_BUNDLE_IDENTIFIER = com.avmillabs.yemma4;
				PRODUCT_NAME = "$(TARGET_NAME)";
				SWIFT_EMIT_LOC_STRINGS = YES;
				SWIFT_VERSION = 5.0;
				TARGETED_DEVICE_FAMILY = "1,2";
			};
			name = Release;
		};
/* End XCBuildConfiguration section */

/* Begin XCConfigurationList section */
		B1000000D /* Build configuration list for PBXNativeTarget "Yemma4" */ = {
			isa = XCConfigurationList;
			buildConfigurations = (
				B10000014 /* Debug */,
				B10000015 /* Release */,
			);
			defaultConfigurationIsVisible = 0;
			defaultConfigurationName = Release;
		};
		B10000011 /* Build configuration list for PBXProject "Yemma4" */ = {
			isa = XCConfigurationList;
			buildConfigurations = (
				B10000012 /* Debug */,
				B10000013 /* Release */,
			);
			defaultConfigurationIsVisible = 0;
			defaultConfigurationName = Release;
		};
/* End XCConfigurationList section */

/* Begin XCRemoteSwiftPackageReference section */
		A1000004 /* XCRemoteSwiftPackageReference "swift-markdown-ui" */ = {
			isa = XCRemoteSwiftPackageReference;
			repositoryURL = "https://github.com/gonzalezreal/swift-markdown-ui.git";
			requirement = {
				kind = upToNextMajorVersion;
				minimumVersion = 2.4.1;
			};
		};
		759333B69AA7F2876F0CFA95 /* XCRemoteSwiftPackageReference "Chat" */ = {
			isa = XCRemoteSwiftPackageReference;
			repositoryURL = "https://github.com/exyte/Chat.git";
			requirement = {
				kind = upToNextMajorVersion;
				minimumVersion = 2.7.8;
			};
		};
		E1000202 /* XCRemoteSwiftPackageReference "mlx-swift" */ = {
			isa = XCRemoteSwiftPackageReference;
			repositoryURL = "https://github.com/ml-explore/mlx-swift";
			requirement = {
				kind = upToNextMinorVersion;
				minimumVersion = 0.31.3;
			};
		};
		E1000203 /* XCRemoteSwiftPackageReference "swift-transformers" */ = {
			isa = XCRemoteSwiftPackageReference;
			repositoryURL = "https://github.com/huggingface/swift-transformers";
			requirement = {
				kind = upToNextMinorVersion;
				minimumVersion = 1.1.0;
			};
		};
/* End XCRemoteSwiftPackageReference section */

/* Begin XCLocalSwiftPackageReference section */
		E1000201 /* XCLocalSwiftPackageReference "../mlx-vlm-swift/mlx-swift-lm" */ = {
			isa = XCLocalSwiftPackageReference;
			relativePath = "../mlx-vlm-swift/mlx-swift-lm";
		};
/* End XCLocalSwiftPackageReference section */

/* Begin XCSwiftPackageProductDependency section */
		9D280E543558115939ECD091 /* ExyteChat */ = {
			isa = XCSwiftPackageProductDependency;
			package = 759333B69AA7F2876F0CFA95 /* XCRemoteSwiftPackageReference "Chat" */;
			productName = ExyteChat;
		};
		A1000005 /* MarkdownUI */ = {
			isa = XCSwiftPackageProductDependency;
			package = A1000004 /* XCRemoteSwiftPackageReference "swift-markdown-ui" */;
			productName = MarkdownUI;
		};
		E1000101 /* MLXLMCommon */ = {
			isa = XCSwiftPackageProductDependency;
			package = E1000201 /* XCLocalSwiftPackageReference "../mlx-vlm-swift/mlx-swift-lm" */;
			productName = MLXLMCommon;
		};
		E1000102 /* MLXVLM */ = {
			isa = XCSwiftPackageProductDependency;
			package = E1000201 /* XCLocalSwiftPackageReference "../mlx-vlm-swift/mlx-swift-lm" */;
			productName = MLXVLM;
		};
		E1000103 /* MLX */ = {
			isa = XCSwiftPackageProductDependency;
			package = E1000202 /* XCRemoteSwiftPackageReference "mlx-swift" */;
			productName = MLX;
		};
		E1000104 /* Hub */ = {
			isa = XCSwiftPackageProductDependency;
			package = E1000203 /* XCRemoteSwiftPackageReference "swift-transformers" */;
			productName = Hub;
		};
		E1000105 /* Tokenizers */ = {
			isa = XCSwiftPackageProductDependency;
			package = E1000203 /* XCRemoteSwiftPackageReference "swift-transformers" */;
			productName = Tokenizers;
		};
/* End XCSwiftPackageProductDependency section */
	};
	rootObject = B10000010 /* Project object */;
}
